
Microsoft Visual Studio Solution File, Format Version 12.00
# Visual Studio Version 16
VisualStudioVersion = 16.0.30309.148
MinimumVisualStudioVersion = 10.0.40219.1
Project("{FAE04EC0-301F-11D3-BF4B-00C04F79EFBC}") = "NetworkImageServer", "NetworkImageServer\NetworkImageServer.csproj", "{C679AD68-6C19-47CE-A49A-4865F0D675CC}"
EndProject
Project("{FAE04EC0-301F-11D3-BF4B-00C04F79EFBC}") = "NetworkImageClient", "NetworkImageClient\NetworkImageClient.csproj", "{CF1D4E43-F487-42E6-AA4B-11897A8C86B4}"
EndProject
Global
	GlobalSection(SolutionConfigurationPlatforms) = preSolution
		Debug|Any CPU = Debug|Any CPU
		Release|Any CPU = Release|Any CPU
	EndGlobalSection
	GlobalSection(ProjectConfigurationPlatforms) = postSolution
		{C679AD68-6C19-47CE-A49A-4865F0D675CC}.Debug|Any CPU.ActiveCfg = Debug|Any CPU
		{C679AD68-6C19-47CE-A49A-4865F0D675CC}.Debug|Any CPU.Build.0 = Debug|Any CPU
		{C679AD68-6C19-47CE-A49A-4865F0D675CC}.Release|Any CPU.ActiveCfg = Release|Any CPU
		{C679AD68-6C19-47CE-A49A-4865F0D675CC}.Release|Any CPU.Build.0 = Release|Any CPU
		{CF1D4E43-F487-42E6-AA4B-11897A8C86B4}.Debug|Any CPU.ActiveCfg = Debug|Any CPU
		{CF1D4E43-F487-42E6-AA4B-11897A8C86B4}.Debug|Any CPU.Build.0 = Debug|Any CPU
		{CF1D4E43-F487-42E6-AA4B-11897A8C86B4}.Release|Any CPU.ActiveCfg = Release|Any CPU
		{CF1D4E43-F487-42E6-AA4B-11897A8C86B4}.Release|Any CPU.Build.0 = Release|Any CPU
	EndGlobalSection
	GlobalSection(SolutionProperties) = preSolution
		HideSolutionNode = FALSE
	EndGlobalSection
	GlobalSection(ExtensibilityGlobals) = postSolution
		SolutionGuid = {D4BDA980-D307-477B-A796-FA1FF0FD9B6D}
	EndGlobalSection
EndGlobal
